{
  "name": "@alialkhtri/onchainkit",
  "version": "0.1.0",
  "lockfileVersion": 3,
  "requires": true,
  "packages": {
    "": {
      "name": "@alialkhtri/onchainkit",
      "version": "0.1.0",
      "license": "MIT",
      "workspaces": [
        "packages/*"
      ]
    },
    "node_modules/@alialkhtri/onchainkit-core": {
      "resolved": "packages/core",
      "link": true
    },
    "packages/core": {
      "name": "@alialkhtri/onchainkit-core",
      "version": "0.1.0",
      "license": "MIT"
    }
  }
}
